
Microsoft Visual Studio Solution File, Format Version 12.00
# Visual Studio Version 16
VisualStudioVersion = 16.0.30320.27
MinimumVisualStudioVersion = 10.0.40219.1
Project("{FAE04EC0-301F-11D3-BF4B-00C04F79EFBC}") = "memorygame", "memorygame\memorygame.csproj", "{02EDFB5D-0238-4A72-8A49-1DC1E0CFFD00}"
EndProject
Global
	GlobalSection(SolutionConfigurationPlatforms) = preSolution
		Debug|Any CPU = Debug|Any CPU
		Release|Any CPU = Release|Any CPU
	EndGlobalSection
	GlobalSection(ProjectConfigurationPlatforms) = postSolution
		{02EDFB5D-0238-4A72-8A49-1DC1E0CFFD00}.Debug|Any CPU.ActiveCfg = Debug|Any CPU
		{02EDFB5D-0238-4A72-8A49-1DC1E0CFFD00}.Debug|Any CPU.Build.0 = Debug|Any CPU
		{02EDFB5D-0238-4A72-8A49-1DC1E0CFFD00}.Release|Any CPU.ActiveCfg = Release|Any CPU
		{02EDFB5D-0238-4A72-8A49-1DC1E0CFFD00}.Release|Any CPU.Build.0 = Release|Any CPU
	EndGlobalSection
	GlobalSection(SolutionProperties) = preSolution
		HideSolutionNode = FALSE
	EndGlobalSection
	GlobalSection(ExtensibilityGlobals) = postSolution
		SolutionGuid = {F62D473D-9F60-48D3-AE75-319423C69FE1}
	EndGlobalSection
EndGlobal
